{
  "name": "assets",
  "version": "1.0.0",
  "lockfileVersion": 2,
  "requires": true,
  "packages": {
    "": {
      "name": "assets",
      "version": "1.0.0",
      "license": "ISC",
      "dependencies": {
        "@iconify/icons-logos": "^1.2.17",
        "@iconify/icons-material-symbols": "^1.2.24",
        "@iconify/icons-mdi": "^1.2.31",
        "@iconify/icons-simple-icons": "^1.2.29"
      }
    },
    "node_modules/@iconify/icons-logos": {
      "version": "1.2.17",
      "resolved": "https://registry.npmjs.org/@iconify/icons-logos/-/icons-logos-1.2.17.tgz",
      "integrity": "sha512-wY0BEU6mVwmXAIMvE9FPHWenhK+PiTRqaFU9AwdDRgMBRUsmFlVwrQiBCbPdMrfFln0vT4hWj8HXi//vjEBqJQ==",
      "dependencies": {
        "@iconify/types": "*"
      }
    },
    "node_modules/@iconify/icons-material-symbols": {
      "version": "1.2.24",
      "resolved": "https://registry.npmjs.org/@iconify/icons-material-symbols/-/icons-material-symbols-1.2.24.tgz",
      "integrity": "sha512-YEPrmshnOuFDkvs2Yf8CXEiJhhYHhLVqKk+NRJ5rXSnfoi3kyjI1uQwUP09P+OJEo1IZTEGTiLq4HU+UeI2yzg==",
      "dependencies": {
        "@iconify/types": "*"
      }
    },
    "node_modules/@iconify/icons-mdi": {
      "version": "1.2.31",
      "resolved": "https://registry.npmjs.org/@iconify/icons-mdi/-/icons-mdi-1.2.31.tgz",
      "integrity": "sha512-/F9YDLpXXTicI2WOw5lqucNt4xoLH/yBOo35MJloCUTSmWENQIQcI72a3pEG5qUHyEkonhZVGZPRXfyyfd5e9w==",
      "dependencies": {
        "@iconify/types": "*"
      }
    },
    "node_modules/@iconify/icons-simple-icons": {
      "version": "1.2.29",
      "resolved": "https://registry.npmjs.org/@iconify/icons-simple-icons/-/icons-simple-icons-1.2.29.tgz",
      "integrity": "sha512-OlnO2Ri93nF722x3zi8C6aiEUF5bW42PkbsY7m8fT/IbzvaNtXynnUmw61MqQJ/aqstzxQLC3uMXO+UrMRwe2Q==",
      "dependencies": {
        "@iconify/types": "*"
      }
    },
    "node_modules/@iconify/types": {
      "version": "2.0.0",
      "resolved": "https://registry.npmjs.org/@iconify/types/-/types-2.0.0.tgz",
      "integrity": "sha512-+wluvCrRhXrhyOmRDJ3q8mux9JkKy5SJ/v8ol2tu4FVjyYvtEzkc/3pK15ET6RKg4b4w4BmTk1+gsCUhf21Ykg=="
    }
  },
  "dependencies": {
    "@iconify/icons-logos": {
      "version": "1.2.17",
      "resolved": "https://registry.npmjs.org/@iconify/icons-logos/-/icons-logos-1.2.17.tgz",
      "integrity": "sha512-wY0BEU6mVwmXAIMvE9FPHWenhK+PiTRqaFU9AwdDRgMBRUsmFlVwrQiBCbPdMrfFln0vT4hWj8HXi//vjEBqJQ==",
      "requires": {
        "@iconify/types": "*"
      }
    },
    "@iconify/icons-material-symbols": {
      "version": "1.2.24",
      "resolved": "https://registry.npmjs.org/@iconify/icons-material-symbols/-/icons-material-symbols-1.2.24.tgz",
      "integrity": "sha512-YEPrmshnOuFDkvs2Yf8CXEiJhhYHhLVqKk+NRJ5rXSnfoi3kyjI1uQwUP09P+OJEo1IZTEGTiLq4HU+UeI2yzg==",
      "requires": {
        "@iconify/types": "*"
      }
    },
    "@iconify/icons-mdi": {
      "version": "1.2.31",
      "resolved": "https://registry.npmjs.org/@iconify/icons-mdi/-/icons-mdi-1.2.31.tgz",
      "integrity": "sha512-/F9YDLpXXTicI2WOw5lqucNt4xoLH/yBOo35MJloCUTSmWENQIQcI72a3pEG5qUHyEkonhZVGZPRXfyyfd5e9w==",
      "requires": {
        "@iconify/types": "*"
      }
    },
    "@iconify/icons-simple-icons": {
      "version": "1.2.29",
      "resolved": "https://registry.npmjs.org/@iconify/icons-simple-icons/-/icons-simple-icons-1.2.29.tgz",
      "integrity": "sha512-OlnO2Ri93nF722x3zi8C6aiEUF5bW42PkbsY7m8fT/IbzvaNtXynnUmw61MqQJ/aqstzxQLC3uMXO+UrMRwe2Q==",
      "requires": {
        "@iconify/types": "*"
      }
    },
    "@iconify/types": {
      "version": "2.0.0",
      "resolved": "https://registry.npmjs.org/@iconify/types/-/types-2.0.0.tgz",
      "integrity": "sha512-+wluvCrRhXrhyOmRDJ3q8mux9JkKy5SJ/v8ol2tu4FVjyYvtEzkc/3pK15ET6RKg4b4w4BmTk1+gsCUhf21Ykg=="
    }
  }
}
